// !$*UTF8*$!
{
	archiveVersion = 1;
	classes = {
	};
	objectVersion = 55;
	objects = {

/* Begin PBXBuildFile section */
		3E2BD742275BC62D0074EAA6 /* main.cpp in Sources */ = {isa = PBXBuildFile; fileRef = 3E2BD741275BC62D0074EAA6 /* main.cpp */; };
		3E2BD75D275C08E00074EAA6 /* stock.cpp in Sources */ = {isa = PBXBuildFile; fileRef = 3E2BD75B275C08E00074EAA6 /* stock.cpp */; };
		3E7E7AB02766A1C800714E4C /* read_earning.cpp in Sources */ = {isa = PBXBuildFile; fileRef = 3E7E7AAE2766A1C800714E4C /* read_earning.cpp */; };
		99716970275D411000652251 /* operator.cpp in Sources */ = {isa = PBXBuildFile; fileRef = 9971696E275D411000652251 /* operator.cpp */; };
/* End PBXBuildFile section */

/* Begin PBXCopyFilesBuildPhase section */
		3E2BD73C275BC62D0074EAA6 /* CopyFiles */ = {
			isa = PBXCopyFilesBuildPhase;
			buildActionMask = 2147483647;
			dstPath = /usr/share/man/man1/;
			dstSubfolderSpec = 0;
			files = (
			);
			runOnlyForDeploymentPostprocessing = 1;
		};
/* End PBXCopyFilesBuildPhase section */

/* Begin PBXFileReference section */
		3E2BD73E275BC62D0074EAA6 /* FRE6883_TeamProject_Mac */ = {isa = PBXFileReference; explicitFileType = "compiled.mach-o.executable"; includeInIndex = 0; path = FRE6883_TeamProject_Mac; sourceTree = BUILT_PRODUCTS_DIR; };
		3E2BD741275BC62D0074EAA6 /* main.cpp */ = {isa = PBXFileReference; lastKnownFileType = sourcecode.cpp.cpp; path = main.cpp; sourceTree = "<group>"; };
		3E2BD75B275C08E00074EAA6 /* stock.cpp */ = {isa = PBXFileReference; lastKnownFileType = sourcecode.cpp.cpp; path = stock.cpp; sourceTree = "<group>"; };
		3E2BD75C275C08E00074EAA6 /* stock.hpp */ = {isa = PBXFileReference; lastKnownFileType = sourcecode.cpp.h; path = stock.hpp; sourceTree = "<group>"; };
		3E7E7AAC2766A19B00714E4C /* ParseDate.hpp */ = {isa = PBXFileReference; lastKnownFileType = sourcecode.cpp.h; path = ParseDate.hpp; sourceTree = "<group>"; };
		3E7E7AAE2766A1C800714E4C /* read_earning.cpp */ = {isa = PBXFileReference; lastKnownFileType = sourcecode.cpp.cpp; path = read_earning.cpp; sourceTree = "<group>"; };
		3E7E7AAF2766A1C800714E4C /* read_earning.hpp */ = {isa = PBXFileReference; lastKnownFileType = sourcecode.cpp.h; path = read_earning.hpp; sourceTree = "<group>"; };
		996A32A12766E9010075A707 /* Libcurl.hpp */ = {isa = PBXFileReference; lastKnownFileType = sourcecode.cpp.h; path = Libcurl.hpp; sourceTree = "<group>"; };
		996A32A42766E92D0075A707 /* shuffle_stock.hpp */ = {isa = PBXFileReference; lastKnownFileType = sourcecode.cpp.h; path = shuffle_stock.hpp; sourceTree = "<group>"; };
		996A32A72766E9940075A707 /* bootstrapping.hpp */ = {isa = PBXFileReference; lastKnownFileType = sourcecode.cpp.h; path = bootstrapping.hpp; sourceTree = "<group>"; };
		9971696E275D411000652251 /* operator.cpp */ = {isa = PBXFileReference; lastKnownFileType = sourcecode.cpp.cpp; path = operator.cpp; sourceTree = "<group>"; };
		9971696F275D411000652251 /* operator.hpp */ = {isa = PBXFileReference; lastKnownFileType = sourcecode.cpp.h; path = operator.hpp; sourceTree = "<group>"; };
		99716972275D413000652251 /* Libcurl_new.hpp */ = {isa = PBXFileReference; lastKnownFileType = sourcecode.cpp.h; path = Libcurl_new.hpp; sourceTree = "<group>"; };
		99716975275D415500652251 /* global.hpp */ = {isa = PBXFileReference; lastKnownFileType = sourcecode.cpp.h; path = global.hpp; sourceTree = "<group>"; };
		99CD1ACF276860C70001E8B0 /* gnuplot.hpp */ = {isa = PBXFileReference; lastKnownFileType = sourcecode.cpp.h; path = gnuplot.hpp; sourceTree = "<group>"; };
/* End PBXFileReference section */

/* Begin PBXFrameworksBuildPhase section */
		3E2BD73B275BC62D0074EAA6 /* Frameworks */ = {
			isa = PBXFrameworksBuildPhase;
			buildActionMask = 2147483647;
			files = (
			);
			runOnlyForDeploymentPostprocessing = 0;
		};
/* End PBXFrameworksBuildPhase section */

/* Begin PBXGroup section */
		3E2BD735275BC62D0074EAA6 = {
			isa = PBXGroup;
			children = (
				3E2BD740275BC62D0074EAA6 /* FRE6883_TeamProject_Mac */,
				3E2BD73F275BC62D0074EAA6 /* Products */,
			);
			sourceTree = "<group>";
		};
		3E2BD73F275BC62D0074EAA6 /* Products */ = {
			isa = PBXGroup;
			children = (
				3E2BD73E275BC62D0074EAA6 /* FRE6883_TeamProject_Mac */,
			);
			name = Products;
			sourceTree = "<group>";
		};
		3E2BD740275BC62D0074EAA6 /* FRE6883_TeamProject_Mac */ = {
			isa = PBXGroup;
			children = (
				99716972275D413000652251 /* Libcurl_new.hpp */,
				996A32A12766E9010075A707 /* Libcurl.hpp */,
				99CD1ACF276860C70001E8B0 /* gnuplot.hpp */,
				3E7E7AAC2766A19B00714E4C /* ParseDate.hpp */,
				996A32A42766E92D0075A707 /* shuffle_stock.hpp */,
				996A32A72766E9940075A707 /* bootstrapping.hpp */,
				3E7E7AAE2766A1C800714E4C /* read_earning.cpp */,
				3E7E7AAF2766A1C800714E4C /* read_earning.hpp */,
				9971696E275D411000652251 /* operator.cpp */,
				9971696F275D411000652251 /* operator.hpp */,
				3E2BD75B275C08E00074EAA6 /* stock.cpp */,
				3E2BD75C275C08E00074EAA6 /* stock.hpp */,
				99716975275D415500652251 /* global.hpp */,
				3E2BD741275BC62D0074EAA6 /* main.cpp */,
			);
			path = FRE6883_TeamProject_Mac;
			sourceTree = "<group>";
		};
/* End PBXGroup section */

/* Begin PBXNativeTarget section */
		3E2BD73D275BC62D0074EAA6 /* FRE6883_TeamProject_Mac */ = {
			isa = PBXNativeTarget;
			buildConfigurationList = 3E2BD745275BC62D0074EAA6 /* Build configuration list for PBXNativeTarget "FRE6883_TeamProject_Mac" */;
			buildPhases = (
				3E2BD73A275BC62D0074EAA6 /* Sources */,
				3E2BD73B275BC62D0074EAA6 /* Frameworks */,
				3E2BD73C275BC62D0074EAA6 /* CopyFiles */,
			);
			buildRules = (
			);
			dependencies = (
			);
			name = FRE6883_TeamProject_Mac;
			productName = FRE6883_TeamProject_Mac;
			productReference = 3E2BD73E275BC62D0074EAA6 /* FRE6883_TeamProject_Mac */;
			productType = "com.apple.product-type.tool";
		};
/* End PBXNativeTarget section */

/* Begin PBXProject section */
		3E2BD736275BC62D0074EAA6 /* Project object */ = {
			isa = PBXProject;
			attributes = {
				BuildIndependentTargetsInParallel = 1;
				LastUpgradeCheck = 1310;
				TargetAttributes = {
					3E2BD73D275BC62D0074EAA6 = {
						CreatedOnToolsVersion = 13.1;
					};
				};
			};
			buildConfigurationList = 3E2BD739275BC62D0074EAA6 /* Build configuration list for PBXProject "FRE6883_TeamProject_Mac" */;
			compatibilityVersion = "Xcode 13.0";
			developmentRegion = en;
			hasScannedForEncodings = 0;
			knownRegions = (
				en,
				Base,
			);
			mainGroup = 3E2BD735275BC62D0074EAA6;
			productRefGroup = 3E2BD73F275BC62D0074EAA6 /* Products */;
			projectDirPath = "";
			projectRoot = "";
			targets = (
				3E2BD73D275BC62D0074EAA6 /* FRE6883_TeamProject_Mac */,
			);
		};
/* End PBXProject section */

/* Begin PBXSourcesBuildPhase section */
		3E2BD73A275BC62D0074EAA6 /* Sources */ = {
			isa = PBXSourcesBuildPhase;
			buildActionMask = 2147483647;
			files = (
				3E2BD75D275C08E00074EAA6 /* stock.cpp in Sources */,
				99716970275D411000652251 /* operator.cpp in Sources */,
				3E2BD742275BC62D0074EAA6 /* main.cpp in Sources */,
				3E7E7AB02766A1C800714E4C /* read_earning.cpp in Sources */,
			);
			runOnlyForDeploymentPostprocessing = 0;
		};
/* End PBXSourcesBuildPhase section */

/* Begin XCBuildConfiguration section */
		3E2BD743275BC62D0074EAA6 /* Debug */ = {
			isa = XCBuildConfiguration;
			buildSettings = {
				ALWAYS_SEARCH_USER_PATHS = NO;
				CLANG_ANALYZER_NONNULL = YES;
				CLANG_ANALYZER_NUMBER_OBJECT_CONVERSION = YES_AGGRESSIVE;
				CLANG_CXX_LANGUAGE_STANDARD = "gnu++17";
				CLANG_CXX_LIBRARY = "libc++";
				CLANG_ENABLE_MODULES = YES;
				CLANG_ENABLE_OBJC_ARC = YES;
				CLANG_ENABLE_OBJC_WEAK = YES;
				CLANG_WARN_BLOCK_CAPTURE_AUTORELEASING = YES;
				CLANG_WARN_BOOL_CONVERSION = YES;
				CLANG_WARN_COMMA = YES;
				CLANG_WARN_CONSTANT_CONVERSION = YES;
				CLANG_WARN_DEPRECATED_OBJC_IMPLEMENTATIONS = YES;
				CLANG_WARN_DIRECT_OBJC_ISA_USAGE = YES_ERROR;
				CLANG_WARN_DOCUMENTATION_COMMENTS = YES;
				CLANG_WARN_EMPTY_BODY = YES;
				CLANG_WARN_ENUM_CONVERSION = YES;
				CLANG_WARN_INFINITE_RECURSION = YES;
				CLANG_WARN_INT_CONVERSION = YES;
				CLANG_WARN_NON_LITERAL_NULL_CONVERSION = YES;
				CLANG_WARN_OBJC_IMPLICIT_RETAIN_SELF = YES;
				CLANG_WARN_OBJC_LITERAL_CONVERSION = YES;
				CLANG_WARN_OBJC_ROOT_CLASS = YES_ERROR;
				CLANG_WARN_QUOTED_INCLUDE_IN_FRAMEWORK_HEADER = YES;
				CLANG_WARN_RANGE_LOOP_ANALYSIS = YES;
				CLANG_WARN_STRICT_PROTOTYPES = YES;
				CLANG_WARN_SUSPICIOUS_MOVE = YES;
				CLANG_WARN_UNGUARDED_AVAILABILITY = YES_AGGRESSIVE;
				CLANG_WARN_UNREACHABLE_CODE = YES;
				CLANG_WARN__DUPLICATE_METHOD_MATCH = YES;
				CODE_SIGN_INJECT_BASE_ENTITLEMENTS = YES;
				COPY_PHASE_STRIP = NO;
				DEBUG_INFORMATION_FORMAT = dwarf;
				ENABLE_STRICT_OBJC_MSGSEND = YES;
				ENABLE_TESTABILITY = YES;
				GCC_C_LANGUAGE_STANDARD = gnu11;
				GCC_DYNAMIC_NO_PIC = NO;
				GCC_NO_COMMON_BLOCKS = YES;
				GCC_OPTIMIZATION_LEVEL = 0;
				GCC_PREPROCESSOR_DEFINITIONS = (
					"DEBUG=1",
					"$(inherited)",
				);
				GCC_WARN_64_TO_32_BIT_CONVERSION = YES;
				GCC_WARN_ABOUT_RETURN_TYPE = YES_ERROR;
				GCC_WARN_UNDECLARED_SELECTOR = YES;
				GCC_WARN_UNINITIALIZED_AUTOS = YES_AGGRESSIVE;
				GCC_WARN_UNUSED_FUNCTION = YES;
				GCC_WARN_UNUSED_VARIABLE = YES;
				MACOSX_DEPLOYMENT_TARGET = 11.0;
				MTL_ENABLE_DEBUG_INFO = INCLUDE_SOURCE;
				MTL_FAST_MATH = YES;
				ONLY_ACTIVE_ARCH = YES;
				"OTHER_LDFLAGS[arch=*]" = "-lcurl";
				SDKROOT = macosx;
			};
			name = Debug;
		};
		3E2BD744275BC62D0074EAA6 /* Release */ = {
			isa = XCBuildConfiguration;
			buildSettings = {
				ALWAYS_SEARCH_USER_PATHS = NO;
				CLANG_ANALYZER_NONNULL = YES;
				CLANG_ANALYZER_NUMBER_OBJECT_CONVERSION = YES_AGGRESSIVE;
				CLANG_CXX_LANGUAGE_STANDARD = "gnu++17";
				CLANG_CXX_LIBRARY = "libc++";
				CLANG_ENABLE_MODULES = YES;
				CLANG_ENABLE_OBJC_ARC = YES;
				CLANG_ENABLE_OBJC_WEAK = YES;
				CLANG_WARN_BLOCK_CAPTURE_AUTORELEASING = YES;
				CLANG_WARN_BOOL_CONVERSION = YES;
				CLANG_WARN_COMMA = YES;
				CLANG_WARN_CONSTANT_CONVERSION = YES;
				CLANG_WARN_DEPRECATED_OBJC_IMPLEMENTATIONS = YES;
				CLANG_WARN_DIRECT_OBJC_ISA_USAGE = YES_ERROR;
				CLANG_WARN_DOCUMENTATION_COMMENTS = YES;
				CLANG_WARN_EMPTY_BODY = YES;
				CLANG_WARN_ENUM_CONVERSION = YES;
				CLANG_WARN_INFINITE_RECURSION = YES;
				CLANG_WARN_INT_CONVERSION = YES;
				CLANG_WARN_NON_LITERAL_NULL_CONVERSION = YES;
				CLANG_WARN_OBJC_IMPLICIT_RETAIN_SELF = YES;
				CLANG_WARN_OBJC_LITERAL_CONVERSION = YES;
				CLANG_WARN_OBJC_ROOT_CLASS = YES_ERROR;
				CLANG_WARN_QUOTED_INCLUDE_IN_FRAMEWORK_HEADER = YES;
				CLANG_WARN_RANGE_LOOP_ANALYSIS = YES;
				CLANG_WARN_STRICT_PROTOTYPES = YES;
				CLANG_WARN_SUSPICIOUS_MOVE = YES;
				CLANG_WARN_UNGUARDED_AVAILABILITY = YES_AGGRESSIVE;
				CLANG_WARN_UNREACHABLE_CODE = YES;
				CLANG_WARN__DUPLICATE_METHOD_MATCH = YES;
				CODE_SIGN_INJECT_BASE_ENTITLEMENTS = YES;
				COPY_PHASE_STRIP = NO;
				DEBUG_INFORMATION_FORMAT = "dwarf-with-dsym";
				ENABLE_NS_ASSERTIONS = NO;
				ENABLE_STRICT_OBJC_MSGSEND = YES;
				GCC_C_LANGUAGE_STANDARD = gnu11;
				GCC_NO_COMMON_BLOCKS = YES;
				GCC_WARN_64_TO_32_BIT_CONVERSION = YES;
				GCC_WARN_ABOUT_RETURN_TYPE = YES_ERROR;
				GCC_WARN_UNDECLARED_SELECTOR = YES;
				GCC_WARN_UNINITIALIZED_AUTOS = YES_AGGRESSIVE;
				GCC_WARN_UNUSED_FUNCTION = YES;
				GCC_WARN_UNUSED_VARIABLE = YES;
				MACOSX_DEPLOYMENT_TARGET = 11.0;
				MTL_ENABLE_DEBUG_INFO = NO;
				MTL_FAST_MATH = YES;
				"OTHER_LDFLAGS[arch=*]" = "-lcurl";
				SDKROOT = macosx;
			};
			name = Release;
		};
		3E2BD746275BC62D0074EAA6 /* Debug */ = {
			isa = XCBuildConfiguration;
			buildSettings = {
				CODE_SIGN_IDENTITY = "-";
				CODE_SIGN_STYLE = Automatic;
				DEVELOPMENT_TEAM = WU4LAB7ZMR;
				ENABLE_HARDENED_RUNTIME = YES;
				PRODUCT_NAME = "$(TARGET_NAME)";
			};
			name = Debug;
		};
		3E2BD747275BC62D0074EAA6 /* Release */ = {
			isa = XCBuildConfiguration;
			buildSettings = {
				CODE_SIGN_IDENTITY = "-";
				CODE_SIGN_STYLE = Automatic;
				DEVELOPMENT_TEAM = WU4LAB7ZMR;
				ENABLE_HARDENED_RUNTIME = YES;
				PRODUCT_NAME = "$(TARGET_NAME)";
			};
			name = Release;
		};
/* End XCBuildConfiguration section */

/* Begin XCConfigurationList section */
		3E2BD739275BC62D0074EAA6 /* Build configuration list for PBXProject "FRE6883_TeamProject_Mac" */ = {
			isa = XCConfigurationList;
			buildConfigurations = (
				3E2BD743275BC62D0074EAA6 /* Debug */,
				3E2BD744275BC62D0074EAA6 /* Release */,
			);
			defaultConfigurationIsVisible = 0;
			defaultConfigurationName = Release;
		};
		3E2BD745275BC62D0074EAA6 /* Build configuration list for PBXNativeTarget "FRE6883_TeamProject_Mac" */ = {
			isa = XCConfigurationList;
			buildConfigurations = (
				3E2BD746275BC62D0074EAA6 /* Debug */,
				3E2BD747275BC62D0074EAA6 /* Release */,
			);
			defaultConfigurationIsVisible = 0;
			defaultConfigurationName = Release;
		};
/* End XCConfigurationList section */
	};
	rootObject = 3E2BD736275BC62D0074EAA6 /* Project object */;
}
